{
    "_readme": [
        "This file locks the dependencies of your project to a known state",
        "Read more about it at https://getcomposer.org/doc/01-basic-usage.md#composer-lock-the-lock-file",
        "This file is @generated automatically"
    ],
    "content-hash": "131663cd2a885b4c3676bb59032a0a67",
    "packages": [
        {
            "name": "digitalbazaar/json-ld",
            "version": "0.4.7",
            "source": {
                "type": "git",
                "url": "https://github.com/digitalbazaar/php-json-ld.git",
                "reference": "dc1bd23f0ee2efd27ccf636d32d2738dabcee182"
            },
            "dist": {
                "type": "zip",
                "url": "https://api.github.com/repos/digitalbazaar/php-json-ld/zipball/dc1bd23f0ee2efd27ccf636d32d2738dabcee182",
                "reference": "dc1bd23f0ee2efd27ccf636d32d2738dabcee182",
                "shasum": ""
            },
            "require": {
                "ext-json": "*",
                "php": ">=5.3.0"
            },
            "type": "library",
            "autoload": {
                "files": [
                    "jsonld.php"
                ]
            },
            "notification-url": "https://packagist.org/downloads/",
            "license": [
                "BSD-3-Clause"
            ],
            "authors": [
                {
                    "name": "Digital Bazaar, Inc.",
                    "email": "support@digitalbazaar.com"
                }
            ],
            "description": "A JSON-LD Processor and API implementation in PHP.",
            "homepage": "https://github.com/digitalbazaar/php-json-ld",
            "keywords": [
                "JSON-LD",
                "Linked Data",
                "RDF",
                "Semantic Web",
                "json",
                "jsonld"
            ],
            "time": "2016-04-25T04:17:52+00:00"
        },
        {
            "name": "league/csv",
            "version": "7.2.0",
            "source": {
                "type": "git",
                "url": "https://github.com/thephpleague/csv.git",
                "reference": "69bafa6ff924fbf9effe4275d6eb16be81a853ef"
            },
            "dist": {
                "type": "zip",
                "url": "https://api.github.com/repos/thephpleague/csv/zipball/69bafa6ff924fbf9effe4275d6eb16be81a853ef",
                "reference": "69bafa6ff924fbf9effe4275d6eb16be81a853ef",
                "shasum": ""
            },
            "require": {
                "ext-mbstring": "*",
                "php": ">=5.4.0"
            },
            "require-dev": {
                "fabpot/php-cs-fixer": "^1.9",
                "phpunit/phpunit": "^4.0"
            },
            "type": "library",
            "extra": {
                "branch-alias": {
                    "dev-master": "7.2-dev"
                }
            },
            "autoload": {
                "psr-4": {
                    "League\\Csv\\": "src"
                }
            },
            "notification-url": "https://packagist.org/downloads/",
            "license": [
                "MIT"
            ],
            "authors": [
                {
                    "name": "Ignace Nyamagana Butera",
                    "email": "nyamsprod@gmail.com",
                    "homepage": "https://github.com/nyamsprod/",
                    "role": "Developer"
                }
            ],
            "description": "Csv data manipulation made easy in PHP",
            "homepage": "http://csv.thephpleague.com",
            "keywords": [
                "csv",
                "export",
                "filter",
                "import",
                "read",
                "write"
            ],
            "time": "2015-11-02T07:36:25+00:00"
        },
        {
            "name": "monolog/monolog",
            "version": "1.25.5",
            "source": {
                "type": "git",
                "url": "https://github.com/Seldaek/monolog.git",
                "reference": "1817faadd1846cd08be9a49e905dc68823bc38c0"
            },
            "dist": {
                "type": "zip",
                "url": "https://api.github.com/repos/Seldaek/monolog/zipball/1817faadd1846cd08be9a49e905dc68823bc38c0",
                "reference": "1817faadd1846cd08be9a49e905dc68823bc38c0",
                "shasum": ""
            },
            "require": {
                "php": ">=5.3.0",
                "psr/log": "~1.0"
            },
            "provide": {
                "psr/log-implementation": "1.0.0"
            },
            "require-dev": {
                "aws/aws-sdk-php": "^2.4.9 || ^3.0",
                "doctrine/couchdb": "~1.0@dev",
                "graylog2/gelf-php": "~1.0",
                "php-amqplib/php-amqplib": "~2.4",
                "php-console/php-console": "^3.1.3",
                "php-parallel-lint/php-parallel-lint": "^1.0",
                "phpunit/phpunit": "~4.5",
                "ruflin/elastica": ">=0.90 <3.0",
                "sentry/sentry": "^0.13",
                "swiftmailer/swiftmailer": "^5.3|^6.0"
            },
            "suggest": {
                "aws/aws-sdk-php": "Allow sending log messages to AWS services like DynamoDB",
                "doctrine/couchdb": "Allow sending log messages to a CouchDB server",
                "ext-amqp": "Allow sending log messages to an AMQP server (1.0+ required)",
                "ext-mongo": "Allow sending log messages to a MongoDB server",
                "graylog2/gelf-php": "Allow sending log messages to a GrayLog2 server",
                "mongodb/mongodb": "Allow sending log messages to a MongoDB server via PHP Driver",
                "php-amqplib/php-amqplib": "Allow sending log messages to an AMQP server using php-amqplib",
                "php-console/php-console": "Allow sending log messages to Google Chrome",
                "rollbar/rollbar": "Allow sending log messages to Rollbar",
                "ruflin/elastica": "Allow sending log messages to an Elastic Search server",
                "sentry/sentry": "Allow sending log messages to a Sentry server"
            },
            "type": "library",
            "extra": {
                "branch-alias": {
                    "dev-master": "2.0.x-dev"
                }
            },
            "autoload": {
                "psr-4": {
                    "Monolog\\": "src/Monolog"
                }
            },
            "notification-url": "https://packagist.org/downloads/",
            "license": [
                "MIT"
            ],
            "authors": [
                {
                    "name": "Jordi Boggiano",
                    "email": "j.boggiano@seld.be",
                    "homepage": "http://seld.be"
                }
            ],
            "description": "Sends your logs to files, sockets, inboxes, databases and various web services",
            "homepage": "http://github.com/Seldaek/monolog",
            "keywords": [
                "log",
                "logging",
                "psr-3"
            ],
            "time": "2020-07-23T08:35:51+00:00"
        },
        {
            "name": "paslandau/io-utility",
            "version": "0.8",
            "source": {
                "type": "git",
                "url": "https://github.com/paslandau/io-utility.git",
                "reference": "1f85f291f67a88510f876b9105c611ae753ee502"
            },
            "require": {
                "ext-mbstring": "*",
                "league/csv": "^7.1.1",
                "php": ">=5.5"
            },
            "require-dev": {
                "paslandau/array-utility": "dev-master",
                "phpunit/phpunit": "~4"
            },
            "type": "library",
            "autoload": {
                "psr-4": {
                    "paslandau\\IOUtility\\": "src/"
                }
            },
            "license": [
                "MIT"
            ],
            "authors": [
                {
                    "name": "Pascal Landau",
                    "email": "kontakt@myseosolution.de",
                    "homepage": "http://www.myseosolution.de",
                    "role": "Developer"
                }
            ],
            "description": "IO library for file operations - mostly for convenience on commmon actions",
            "time": "2015-12-11T10:02:19+00:00"
        },
        {
            "name": "paslandau/pagerank",
            "version": "dev-master",
            "source": {
                "type": "git",
                "url": "https://github.com/paslandau/pagerank.git",
                "reference": "2da2f2c22b503d200464a5b62cd579b8734c2a22"
            },
            "dist": {
                "type": "zip",
                "url": "https://api.github.com/repos/thebennos/pagerank/zipball/4ef831e07bc795721e7ae4ef24b2b8ef337e2746",
                "reference": "4ef831e07bc795721e7ae4ef24b2b8ef337e2746",
                "shasum": ""
            },
            "require": {
                "monolog/monolog": "~1",
                "paslandau/io-utility": "^0.8.0",
                "php": ">=5.5",
                "psr/log": "~1"
            },
            "require-dev": {
                "phpunit/phpunit": "~4"
            },
            "type": "library",
            "autoload": {
                "psr-4": {
                    "paslandau\\PageRank\\": "src/"
                }
            },
            "notification-url": "https://packagist.org/downloads/",
            "license": [
                "MIT"
            ],
            "authors": [
                {
                    "name": "Pascal Landau",
                    "email": "kontakt@myseosolution.de",
                    "homepage": "http://www.myseosolution.de",
                    "role": "Developer"
                }
            ],
            "description": "Calculating the PageRank of nodes in a linked graph",
            "time": "2016-02-29T15:33:48+00:00"
        },
        {
            "name": "psr/log",
            "version": "1.1.3",
            "source": {
                "type": "git",
                "url": "https://github.com/php-fig/log.git",
                "reference": "0f73288fd15629204f9d42b7055f72dacbe811fc"
            },
            "dist": {
                "type": "zip",
                "url": "https://api.github.com/repos/php-fig/log/zipball/0f73288fd15629204f9d42b7055f72dacbe811fc",
                "reference": "0f73288fd15629204f9d42b7055f72dacbe811fc",
                "shasum": ""
            },
            "require": {
                "php": ">=5.3.0"
            },
            "type": "library",
            "extra": {
                "branch-alias": {
                    "dev-master": "1.1.x-dev"
                }
            },
            "autoload": {
                "psr-4": {
                    "Psr\\Log\\": "Psr/Log/"
                }
            },
            "notification-url": "https://packagist.org/downloads/",
            "license": [
                "MIT"
            ],
            "authors": [
                {
                    "name": "PHP-FIG",
                    "homepage": "http://www.php-fig.org/"
                }
            ],
            "description": "Common interface for logging libraries",
            "homepage": "https://github.com/php-fig/log",
            "keywords": [
                "log",
                "psr",
                "psr-3"
            ],
            "time": "2020-03-23T09:12:05+00:00"
        }
    ],
    "packages-dev": [],
    "aliases": [],
    "minimum-stability": "stable",
    "stability-flags": {
        "paslandau/pagerank": 20
    },
    "prefer-stable": false,
    "prefer-lowest": false,
    "platform": [],
    "platform-dev": []
}
